// !$*UTF8*$!
{
	archiveVersion = 1;
	classes = {
	};
	objectVersion = 50;
	objects = {

/* Begin PBXBuildFile section */
		A9E5D1E9241FFBF00011F151 /* AppDelegate.m in Sources */ = {isa = PBXBuildFile; fileRef = A9E5D1E8241FFBF00011F151 /* AppDelegate.m */; };
		A9E5D1EC241FFBF00011F151 /* SceneDelegate.m in Sources */ = {isa = PBXBuildFile; fileRef = A9E5D1EB241FFBF00011F151 /* SceneDelegate.m */; };
		A9E5D1EF241FFBF00011F151 /* ViewController.m in Sources */ = {isa = PBXBuildFile; fileRef = A9E5D1EE241FFBF00011F151 /* ViewController.m */; };
		A9E5D1F2241FFBF00011F151 /* Main.storyboard in Resources */ = {isa = PBXBuildFile; fileRef = A9E5D1F0241FFBF00011F151 /* Main.storyboard */; };
		A9E5D1F4241FFBF40011F151 /* Assets.xcassets in Resources */ = {isa = PBXBuildFile; fileRef = A9E5D1F3241FFBF40011F151 /* Assets.xcassets */; };
		A9E5D1F7241FFBF40011F151 /* LaunchScreen.storyboard in Resources */ = {isa = PBXBuildFile; fileRef = A9E5D1F5241FFBF40011F151 /* LaunchScreen.storyboard */; };
		A9E5D1FA241FFBF40011F151 /* main.m in Sources */ = {isa = PBXBuildFile; fileRef = A9E5D1F9241FFBF40011F151 /* main.m */; };
		A9E5D20A242013810011F151 /* Movie.m in Sources */ = {isa = PBXBuildFile; fileRef = A9E5D209242013810011F151 /* Movie.m */; };
		A9E5D2142422B2970011F151 /* Genre.m in Sources */ = {isa = PBXBuildFile; fileRef = A9E5D2132422B2970011F151 /* Genre.m */; };
/* End PBXBuildFile section */

/* Begin PBXFileReference section */
		A9E5D1E4241FFBF00011F151 /* movieDB-objc.app */ = {isa = PBXFileReference; explicitFileType = wrapper.application; includeInIndex = 0; path = "movieDB-objc.app"; sourceTree = BUILT_PRODUCTS_DIR; };
		A9E5D1E7241FFBF00011F151 /* AppDelegate.h */ = {isa = PBXFileReference; lastKnownFileType = sourcecode.c.h; path = AppDelegate.h; sourceTree = "<group>"; };
		A9E5D1E8241FFBF00011F151 /* AppDelegate.m */ = {isa = PBXFileReference; lastKnownFileType = sourcecode.c.objc; path = AppDelegate.m; sourceTree = "<group>"; };
		A9E5D1EA241FFBF00011F151 /* SceneDelegate.h */ = {isa = PBXFileReference; lastKnownFileType = sourcecode.c.h; path = SceneDelegate.h; sourceTree = "<group>"; };
		A9E5D1EB241FFBF00011F151 /* SceneDelegate.m */ = {isa = PBXFileReference; lastKnownFileType = sourcecode.c.objc; path = SceneDelegate.m; sourceTree = "<group>"; };
		A9E5D1ED241FFBF00011F151 /* ViewController.h */ = {isa = PBXFileReference; lastKnownFileType = sourcecode.c.h; path = ViewController.h; sourceTree = "<group>"; };
		A9E5D1EE241FFBF00011F151 /* ViewController.m */ = {isa = PBXFileReference; lastKnownFileType = sourcecode.c.objc; path = ViewController.m; sourceTree = "<group>"; };
		A9E5D1F1241FFBF00011F151 /* Base */ = {isa = PBXFileReference; lastKnownFileType = file.storyboard; name = Base; path = Base.lproj/Main.storyboard; sourceTree = "<group>"; };
		A9E5D1F3241FFBF40011F151 /* Assets.xcassets */ = {isa = PBXFileReference; lastKnownFileType = folder.assetcatalog; path = Assets.xcassets; sourceTree = "<group>"; };
		A9E5D1F6241FFBF40011F151 /* Base */ = {isa = PBXFileReference; lastKnownFileType = file.storyboard; name = Base; path = Base.lproj/LaunchScreen.storyboard; sourceTree = "<group>"; };
		A9E5D1F8241FFBF40011F151 /* Info.plist */ = {isa = PBXFileReference; lastKnownFileType = text.plist.xml; path = Info.plist; sourceTree = "<group>"; };
		A9E5D1F9241FFBF40011F151 /* main.m */ = {isa = PBXFileReference; lastKnownFileType = sourcecode.c.objc; path = main.m; sourceTree = "<group>"; };
		A9E5D208242013810011F151 /* Movie.h */ = {isa = PBXFileReference; lastKnownFileType = sourcecode.c.h; path = Movie.h; sourceTree = "<group>"; };
		A9E5D209242013810011F151 /* Movie.m */ = {isa = PBXFileReference; lastKnownFileType = sourcecode.c.objc; path = Movie.m; sourceTree = "<group>"; };
		A9E5D2122422B2970011F151 /* Genre.h */ = {isa = PBXFileReference; lastKnownFileType = sourcecode.c.h; path = Genre.h; sourceTree = "<group>"; };
		A9E5D2132422B2970011F151 /* Genre.m */ = {isa = PBXFileReference; lastKnownFileType = sourcecode.c.objc; path = Genre.m; sourceTree = "<group>"; };
/* End PBXFileReference section */

/* Begin PBXFrameworksBuildPhase section */
		A9E5D1E1241FFBF00011F151 /* Frameworks */ = {
			isa = PBXFrameworksBuildPhase;
			buildActionMask = 2147483647;
			files = (
			);
			runOnlyForDeploymentPostprocessing = 0;
		};
/* End PBXFrameworksBuildPhase section */

/* Begin PBXGroup section */
		A9E5D1DB241FFBF00011F151 = {
			isa = PBXGroup;
			children = (
				A9E5D1E6241FFBF00011F151 /* movieDB-objc */,
				A9E5D1E5241FFBF00011F151 /* Products */,
			);
			sourceTree = "<group>";
		};
		A9E5D1E5241FFBF00011F151 /* Products */ = {
			isa = PBXGroup;
			children = (
				A9E5D1E4241FFBF00011F151 /* movieDB-objc.app */,
			);
			name = Products;
			sourceTree = "<group>";
		};
		A9E5D1E6241FFBF00011F151 /* movieDB-objc */ = {
			isa = PBXGroup;
			children = (
				A9E5D201242012510011F151 /* Models */,
				A9E5D200242004F40011F151 /* Classes */,
				A9E5D1E7241FFBF00011F151 /* AppDelegate.h */,
				A9E5D1E8241FFBF00011F151 /* AppDelegate.m */,
				A9E5D1EA241FFBF00011F151 /* SceneDelegate.h */,
				A9E5D1EB241FFBF00011F151 /* SceneDelegate.m */,
				A9E5D1ED241FFBF00011F151 /* ViewController.h */,
				A9E5D1EE241FFBF00011F151 /* ViewController.m */,
				A9E5D1F0241FFBF00011F151 /* Main.storyboard */,
				A9E5D1F3241FFBF40011F151 /* Assets.xcassets */,
				A9E5D1F5241FFBF40011F151 /* LaunchScreen.storyboard */,
				A9E5D1F8241FFBF40011F151 /* Info.plist */,
				A9E5D1F9241FFBF40011F151 /* main.m */,
			);
			path = "movieDB-objc";
			sourceTree = "<group>";
		};
		A9E5D200242004F40011F151 /* Classes */ = {
			isa = PBXGroup;
			children = (
			);
			path = Classes;
			sourceTree = "<group>";
		};
		A9E5D201242012510011F151 /* Models */ = {
			isa = PBXGroup;
			children = (
				A9E5D208242013810011F151 /* Movie.h */,
				A9E5D209242013810011F151 /* Movie.m */,
				A9E5D2122422B2970011F151 /* Genre.h */,
				A9E5D2132422B2970011F151 /* Genre.m */,
			);
			path = Models;
			sourceTree = "<group>";
		};
/* End PBXGroup section */

/* Begin PBXNativeTarget section */
		A9E5D1E3241FFBF00011F151 /* movieDB-objc */ = {
			isa = PBXNativeTarget;
			buildConfigurationList = A9E5D1FD241FFBF40011F151 /* Build configuration list for PBXNativeTarget "movieDB-objc" */;
			buildPhases = (
				A9E5D1E0241FFBF00011F151 /* Sources */,
				A9E5D1E1241FFBF00011F151 /* Frameworks */,
				A9E5D1E2241FFBF00011F151 /* Resources */,
			);
			buildRules = (
			);
			dependencies = (
			);
			name = "movieDB-objc";
			productName = "movieDB-objc";
			productReference = A9E5D1E4241FFBF00011F151 /* movieDB-objc.app */;
			productType = "com.apple.product-type.application";
		};
/* End PBXNativeTarget section */

/* Begin PBXProject section */
		A9E5D1DC241FFBF00011F151 /* Project object */ = {
			isa = PBXProject;
			attributes = {
				LastUpgradeCheck = 1130;
				ORGANIZATIONNAME = "Vinícius Chagas";
				TargetAttributes = {
					A9E5D1E3241FFBF00011F151 = {
						CreatedOnToolsVersion = 11.3.1;
					};
				};
			};
			buildConfigurationList = A9E5D1DF241FFBF00011F151 /* Build configuration list for PBXProject "movieDB-objc" */;
			compatibilityVersion = "Xcode 9.3";
			developmentRegion = en;
			hasScannedForEncodings = 0;
			knownRegions = (
				en,
				Base,
			);
			mainGroup = A9E5D1DB241FFBF00011F151;
			productRefGroup = A9E5D1E5241FFBF00011F151 /* Products */;
			projectDirPath = "";
			projectRoot = "";
			targets = (
				A9E5D1E3241FFBF00011F151 /* movieDB-objc */,
			);
		};
/* End PBXProject section */

/* Begin PBXResourcesBuildPhase section */
		A9E5D1E2241FFBF00011F151 /* Resources */ = {
			isa = PBXResourcesBuildPhase;
			buildActionMask = 2147483647;
			files = (
				A9E5D1F7241FFBF40011F151 /* LaunchScreen.storyboard in Resources */,
				A9E5D1F4241FFBF40011F151 /* Assets.xcassets in Resources */,
				A9E5D1F2241FFBF00011F151 /* Main.storyboard in Resources */,
			);
			runOnlyForDeploymentPostprocessing = 0;
		};
/* End PBXResourcesBuildPhase section */

/* Begin PBXSourcesBuildPhase section */
		A9E5D1E0241FFBF00011F151 /* Sources */ = {
			isa = PBXSourcesBuildPhase;
			buildActionMask = 2147483647;
			files = (
				A9E5D1EF241FFBF00011F151 /* ViewController.m in Sources */,
				A9E5D1E9241FFBF00011F151 /* AppDelegate.m in Sources */,
				A9E5D20A242013810011F151 /* Movie.m in Sources */,
				A9E5D2142422B2970011F151 /* Genre.m in Sources */,
				A9E5D1FA241FFBF40011F151 /* main.m in Sources */,
				A9E5D1EC241FFBF00011F151 /* SceneDelegate.m in Sources */,
			);
			runOnlyForDeploymentPostprocessing = 0;
		};
/* End PBXSourcesBuildPhase section */

/* Begin PBXVariantGroup section */
		A9E5D1F0241FFBF00011F151 /* Main.storyboard */ = {
			isa = PBXVariantGroup;
			children = (
				A9E5D1F1241FFBF00011F151 /* Base */,
			);
			name = Main.storyboard;
			sourceTree = "<group>";
		};
		A9E5D1F5241FFBF40011F151 /* LaunchScreen.storyboard */ = {
			isa = PBXVariantGroup;
			children = (
				A9E5D1F6241FFBF40011F151 /* Base */,
			);
			name = LaunchScreen.storyboard;
			sourceTree = "<group>";
		};
/* End PBXVariantGroup section */

/* Begin XCBuildConfiguration section */
		A9E5D1FB241FFBF40011F151 /* Debug */ = {
			isa = XCBuildConfiguration;
			buildSettings = {
				ALWAYS_SEARCH_USER_PATHS = NO;
				CLANG_ANALYZER_NONNULL = YES;
				CLANG_ANALYZER_NUMBER_OBJECT_CONVERSION = YES_AGGRESSIVE;
				CLANG_CXX_LANGUAGE_STANDARD = "gnu++14";
				CLANG_CXX_LIBRARY = "libc++";
				CLANG_ENABLE_MODULES = YES;
				CLANG_ENABLE_OBJC_ARC = YES;
				CLANG_ENABLE_OBJC_WEAK = YES;
				CLANG_WARN_BLOCK_CAPTURE_AUTORELEASING = YES;
				CLANG_WARN_BOOL_CONVERSION = YES;
				CLANG_WARN_COMMA = YES;
				CLANG_WARN_CONSTANT_CONVERSION = YES;
				CLANG_WARN_DEPRECATED_OBJC_IMPLEMENTATIONS = YES;
				CLANG_WARN_DIRECT_OBJC_ISA_USAGE = YES_ERROR;
				CLANG_WARN_DOCUMENTATION_COMMENTS = YES;
				CLANG_WARN_EMPTY_BODY = YES;
				CLANG_WARN_ENUM_CONVERSION = YES;
				CLANG_WARN_INFINITE_RECURSION = YES;
				CLANG_WARN_INT_CONVERSION = YES;
				CLANG_WARN_NON_LITERAL_NULL_CONVERSION = YES;
				CLANG_WARN_OBJC_IMPLICIT_RETAIN_SELF = YES;
				CLANG_WARN_OBJC_LITERAL_CONVERSION = YES;
				CLANG_WARN_OBJC_ROOT_CLASS = YES_ERROR;
				CLANG_WARN_RANGE_LOOP_ANALYSIS = YES;
				CLANG_WARN_STRICT_PROTOTYPES = YES;
				CLANG_WARN_SUSPICIOUS_MOVE = YES;
				CLANG_WARN_UNGUARDED_AVAILABILITY = YES_AGGRESSIVE;
				CLANG_WARN_UNREACHABLE_CODE = YES;
				CLANG_WARN__DUPLICATE_METHOD_MATCH = YES;
				COPY_PHASE_STRIP = NO;
				DEBUG_INFORMATION_FORMAT = dwarf;
				ENABLE_STRICT_OBJC_MSGSEND = YES;
				ENABLE_TESTABILITY = YES;
				GCC_C_LANGUAGE_STANDARD = gnu11;
				GCC_DYNAMIC_NO_PIC = NO;
				GCC_NO_COMMON_BLOCKS = YES;
				GCC_OPTIMIZATION_LEVEL = 0;
				GCC_PREPROCESSOR_DEFINITIONS = (
					"DEBUG=1",
					"$(inherited)",
				);
				GCC_WARN_64_TO_32_BIT_CONVERSION = YES;
				GCC_WARN_ABOUT_RETURN_TYPE = YES_ERROR;
				GCC_WARN_UNDECLARED_SELECTOR = YES;
				GCC_WARN_UNINITIALIZED_AUTOS = YES_AGGRESSIVE;
				GCC_WARN_UNUSED_FUNCTION = YES;
				GCC_WARN_UNUSED_VARIABLE = YES;
				IPHONEOS_DEPLOYMENT_TARGET = 13.2;
				MTL_ENABLE_DEBUG_INFO = INCLUDE_SOURCE;
				MTL_FAST_MATH = YES;
				ONLY_ACTIVE_ARCH = YES;
				SDKROOT = iphoneos;
			};
			name = Debug;
		};
		A9E5D1FC241FFBF40011F151 /* Release */ = {
			isa = XCBuildConfiguration;
			buildSettings = {
				ALWAYS_SEARCH_USER_PATHS = NO;
				CLANG_ANALYZER_NONNULL = YES;
				CLANG_ANALYZER_NUMBER_OBJECT_CONVERSION = YES_AGGRESSIVE;
				CLANG_CXX_LANGUAGE_STANDARD = "gnu++14";
				CLANG_CXX_LIBRARY = "libc++";
				CLANG_ENABLE_MODULES = YES;
				CLANG_ENABLE_OBJC_ARC = YES;
				CLANG_ENABLE_OBJC_WEAK = YES;
				CLANG_WARN_BLOCK_CAPTURE_AUTORELEASING = YES;
				CLANG_WARN_BOOL_CONVERSION = YES;
				CLANG_WARN_COMMA = YES;
				CLANG_WARN_CONSTANT_CONVERSION = YES;
				CLANG_WARN_DEPRECATED_OBJC_IMPLEMENTATIONS = YES;
				CLANG_WARN_DIRECT_OBJC_ISA_USAGE = YES_ERROR;
				CLANG_WARN_DOCUMENTATION_COMMENTS = YES;
				CLANG_WARN_EMPTY_BODY = YES;
				CLANG_WARN_ENUM_CONVERSION = YES;
				CLANG_WARN_INFINITE_RECURSION = YES;
				CLANG_WARN_INT_CONVERSION = YES;
				CLANG_WARN_NON_LITERAL_NULL_CONVERSION = YES;
				CLANG_WARN_OBJC_IMPLICIT_RETAIN_SELF = YES;
				CLANG_WARN_OBJC_LITERAL_CONVERSION = YES;
				CLANG_WARN_OBJC_ROOT_CLASS = YES_ERROR;
				CLANG_WARN_RANGE_LOOP_ANALYSIS = YES;
				CLANG_WARN_STRICT_PROTOTYPES = YES;
				CLANG_WARN_SUSPICIOUS_MOVE = YES;
				CLANG_WARN_UNGUARDED_AVAILABILITY = YES_AGGRESSIVE;
				CLANG_WARN_UNREACHABLE_CODE = YES;
				CLANG_WARN__DUPLICATE_METHOD_MATCH = YES;
				COPY_PHASE_STRIP = NO;
				DEBUG_INFORMATION_FORMAT = "dwarf-with-dsym";
				ENABLE_NS_ASSERTIONS = NO;
				ENABLE_STRICT_OBJC_MSGSEND = YES;
				GCC_C_LANGUAGE_STANDARD = gnu11;
				GCC_NO_COMMON_BLOCKS = YES;
				GCC_WARN_64_TO_32_BIT_CONVERSION = YES;
				GCC_WARN_ABOUT_RETURN_TYPE = YES_ERROR;
				GCC_WARN_UNDECLARED_SELECTOR = YES;
				GCC_WARN_UNINITIALIZED_AUTOS = YES_AGGRESSIVE;
				GCC_WARN_UNUSED_FUNCTION = YES;
				GCC_WARN_UNUSED_VARIABLE = YES;
				IPHONEOS_DEPLOYMENT_TARGET = 13.2;
				MTL_ENABLE_DEBUG_INFO = NO;
				MTL_FAST_MATH = YES;
				SDKROOT = iphoneos;
				VALIDATE_PRODUCT = YES;
			};
			name = Release;
		};
		A9E5D1FE241FFBF40011F151 /* Debug */ = {
			isa = XCBuildConfiguration;
			buildSettings = {
				ASSETCATALOG_COMPILER_APPICON_NAME = AppIcon;
				CODE_SIGN_STYLE = Automatic;
				DEVELOPMENT_TEAM = VWQ6K2W3PY;
				INFOPLIST_FILE = "movieDB-objc/Info.plist";
				LD_RUNPATH_SEARCH_PATHS = (
					"$(inherited)",
					"@executable_path/Frameworks",
				);
				PRODUCT_BUNDLE_IDENTIFIER = "com.vcsoares.movieDB-objc";
				PRODUCT_NAME = "$(TARGET_NAME)";
				TARGETED_DEVICE_FAMILY = "1,2";
			};
			name = Debug;
		};
		A9E5D1FF241FFBF40011F151 /* Release */ = {
			isa = XCBuildConfiguration;
			buildSettings = {
				ASSETCATALOG_COMPILER_APPICON_NAME = AppIcon;
				CODE_SIGN_STYLE = Automatic;
				DEVELOPMENT_TEAM = VWQ6K2W3PY;
				INFOPLIST_FILE = "movieDB-objc/Info.plist";
				LD_RUNPATH_SEARCH_PATHS = (
					"$(inherited)",
					"@executable_path/Frameworks",
				);
				PRODUCT_BUNDLE_IDENTIFIER = "com.vcsoares.movieDB-objc";
				PRODUCT_NAME = "$(TARGET_NAME)";
				TARGETED_DEVICE_FAMILY = "1,2";
			};
			name = Release;
		};
/* End XCBuildConfiguration section */

/* Begin XCConfigurationList section */
		A9E5D1DF241FFBF00011F151 /* Build configuration list for PBXProject "movieDB-objc" */ = {
			isa = XCConfigurationList;
			buildConfigurations = (
				A9E5D1FB241FFBF40011F151 /* Debug */,
				A9E5D1FC241FFBF40011F151 /* Release */,
			);
			defaultConfigurationIsVisible = 0;
			defaultConfigurationName = Release;
		};
		A9E5D1FD241FFBF40011F151 /* Build configuration list for PBXNativeTarget "movieDB-objc" */ = {
			isa = XCConfigurationList;
			buildConfigurations = (
				A9E5D1FE241FFBF40011F151 /* Debug */,
				A9E5D1FF241FFBF40011F151 /* Release */,
			);
			defaultConfigurationIsVisible = 0;
			defaultConfigurationName = Release;
		};
/* End XCConfigurationList section */
	};
	rootObject = A9E5D1DC241FFBF00011F151 /* Project object */;
}
